
Microsoft Visual Studio Solution File, Format Version 12.00
# Visual Studio 15
VisualStudioVersion = 15.0.27004.2006
MinimumVisualStudioVersion = 10.0.40219.1
Project("{FAE04EC0-301F-11D3-BF4B-00C04F79EFBC}") = "DAL", "DAL\DAL.csproj", "{15941DDB-8547-4FE2-BF04-895DB955AC19}"
EndProject
Project("{FAE04EC0-301F-11D3-BF4B-00C04F79EFBC}") = "BLL", "BLL\BLL.csproj", "{10A18705-53B5-4C57-B4CA-9C557D7F8E26}"
EndProject
Project("{FAE04EC0-301F-11D3-BF4B-00C04F79EFBC}") = "TeChild", "TeChild\TeChild.csproj", "{A32B5BD3-9F2A-43B3-B87A-336B3DC41D16}"
EndProject
Project("{FAE04EC0-301F-11D3-BF4B-00C04F79EFBC}") = "Dto", "Dto\Dto.csproj", "{971CFC6B-F08A-4309-8E41-638ECF31D6E1}"
EndProject
Global
	GlobalSection(SolutionConfigurationPlatforms) = preSolution
		Debug|Any CPU = Debug|Any CPU
		Release|Any CPU = Release|Any CPU
	EndGlobalSection
	GlobalSection(ProjectConfigurationPlatforms) = postSolution
		{15941DDB-8547-4FE2-BF04-895DB955AC19}.Debug|Any CPU.ActiveCfg = Debug|Any CPU
		{15941DDB-8547-4FE2-BF04-895DB955AC19}.Debug|Any CPU.Build.0 = Debug|Any CPU
		{15941DDB-8547-4FE2-BF04-895DB955AC19}.Release|Any CPU.ActiveCfg = Release|Any CPU
		{15941DDB-8547-4FE2-BF04-895DB955AC19}.Release|Any CPU.Build.0 = Release|Any CPU
		{10A18705-53B5-4C57-B4CA-9C557D7F8E26}.Debug|Any CPU.ActiveCfg = Debug|Any CPU
		{10A18705-53B5-4C57-B4CA-9C557D7F8E26}.Debug|Any CPU.Build.0 = Debug|Any CPU
		{10A18705-53B5-4C57-B4CA-9C557D7F8E26}.Release|Any CPU.ActiveCfg = Release|Any CPU
		{10A18705-53B5-4C57-B4CA-9C557D7F8E26}.Release|Any CPU.Build.0 = Release|Any CPU
		{A32B5BD3-9F2A-43B3-B87A-336B3DC41D16}.Debug|Any CPU.ActiveCfg = Debug|Any CPU
		{A32B5BD3-9F2A-43B3-B87A-336B3DC41D16}.Debug|Any CPU.Build.0 = Debug|Any CPU
		{A32B5BD3-9F2A-43B3-B87A-336B3DC41D16}.Release|Any CPU.ActiveCfg = Release|Any CPU
		{A32B5BD3-9F2A-43B3-B87A-336B3DC41D16}.Release|Any CPU.Build.0 = Release|Any CPU
		{971CFC6B-F08A-4309-8E41-638ECF31D6E1}.Debug|Any CPU.ActiveCfg = Debug|Any CPU
		{971CFC6B-F08A-4309-8E41-638ECF31D6E1}.Debug|Any CPU.Build.0 = Debug|Any CPU
		{971CFC6B-F08A-4309-8E41-638ECF31D6E1}.Release|Any CPU.ActiveCfg = Release|Any CPU
		{971CFC6B-F08A-4309-8E41-638ECF31D6E1}.Release|Any CPU.Build.0 = Release|Any CPU
	EndGlobalSection
	GlobalSection(SolutionProperties) = preSolution
		HideSolutionNode = FALSE
	EndGlobalSection
	GlobalSection(ExtensibilityGlobals) = postSolution
		SolutionGuid = {209BDE60-E168-45EA-A995-E9FD6792D2BA}
	EndGlobalSection
EndGlobal
